github.com/dghubble/trie v0.1.0 h1:kJnjBLFFElBwS60N4tkPvnLhnpcDxbBjIulgI8CpNGM=
github.com/dghubble/trie v0.1.0/go.mod h1:sOmnzfBNH7H92ow2292dDFWNsVQuh/izuD7otCYb1ak=
github.com/go-yaml/yaml v2.1.0+incompatible h1:RYi2hDdss1u4YE7GwixGzWwVo47T8UQwnTLB6vQiq+o=
github.com/go-yaml/yaml v2.1.0+incompatible/go.mod h1:w2MrLa16VYP0jy6N7M5kHaCkaLENm+P+Tv+MfurjSw0=
github.com/ulikunitz/xz v0.5.12 h1:37Nm15o69RwBkXM0J6A5OlE67RZTfzUxTj8fB3dfcsc=
github.com/ulikunitz/xz v0.5.12/go.mod h1:nbz6k7qbPmH4IRqmfOplQw/tblSgqTqBwxkY0oWt/14=
